
Microsoft Visual Studio Solution File, Format Version 12.00
# Visual Studio Version 16
VisualStudioVersion = 16.0.31313.79
MinimumVisualStudioVersion = 10.0.40219.1
Project("{FAE04EC0-301F-11D3-BF4B-00C04F79EFBC}") = "ConsoleData", "ConsoleData\ConsoleData.csproj", "{36FB35F5-2209-442E-9687-B5682A00E634}"
EndProject
Project("{FAE04EC0-301F-11D3-BF4B-00C04F79EFBC}") = "Mathlibrary", "Mathlibrary\Mathlibrary.csproj", "{5F32D2C7-D008-44E4-9C23-EE397C797055}"
EndProject
Project("{FAE04EC0-301F-11D3-BF4B-00C04F79EFBC}") = "ConsoleVar", "ConsoleVar\ConsoleVar.csproj", "{33A388EE-F608-4CE0-9E9A-0B02E680D193}"
EndProject
Project("{FAE04EC0-301F-11D3-BF4B-00C04F79EFBC}") = "ConsoleMarksheet", "ConsoleMarksheet\ConsoleMarksheet.csproj", "{3F839CE7-930C-46E4-B088-7EB4E76F3C90}"
EndProject
Global
	GlobalSection(SolutionConfigurationPlatforms) = preSolution
		Debug|Any CPU = Debug|Any CPU
		Release|Any CPU = Release|Any CPU
	EndGlobalSection
	GlobalSection(ProjectConfigurationPlatforms) = postSolution
		{36FB35F5-2209-442E-9687-B5682A00E634}.Debug|Any CPU.ActiveCfg = Debug|Any CPU
		{36FB35F5-2209-442E-9687-B5682A00E634}.Debug|Any CPU.Build.0 = Debug|Any CPU
		{36FB35F5-2209-442E-9687-B5682A00E634}.Release|Any CPU.ActiveCfg = Release|Any CPU
		{36FB35F5-2209-442E-9687-B5682A00E634}.Release|Any CPU.Build.0 = Release|Any CPU
		{5F32D2C7-D008-44E4-9C23-EE397C797055}.Debug|Any CPU.ActiveCfg = Debug|Any CPU
		{5F32D2C7-D008-44E4-9C23-EE397C797055}.Debug|Any CPU.Build.0 = Debug|Any CPU
		{5F32D2C7-D008-44E4-9C23-EE397C797055}.Release|Any CPU.ActiveCfg = Release|Any CPU
		{5F32D2C7-D008-44E4-9C23-EE397C797055}.Release|Any CPU.Build.0 = Release|Any CPU
		{33A388EE-F608-4CE0-9E9A-0B02E680D193}.Debug|Any CPU.ActiveCfg = Debug|Any CPU
		{33A388EE-F608-4CE0-9E9A-0B02E680D193}.Debug|Any CPU.Build.0 = Debug|Any CPU
		{33A388EE-F608-4CE0-9E9A-0B02E680D193}.Release|Any CPU.ActiveCfg = Release|Any CPU
		{33A388EE-F608-4CE0-9E9A-0B02E680D193}.Release|Any CPU.Build.0 = Release|Any CPU
		{3F839CE7-930C-46E4-B088-7EB4E76F3C90}.Debug|Any CPU.ActiveCfg = Debug|Any CPU
		{3F839CE7-930C-46E4-B088-7EB4E76F3C90}.Debug|Any CPU.Build.0 = Debug|Any CPU
		{3F839CE7-930C-46E4-B088-7EB4E76F3C90}.Release|Any CPU.ActiveCfg = Release|Any CPU
		{3F839CE7-930C-46E4-B088-7EB4E76F3C90}.Release|Any CPU.Build.0 = Release|Any CPU
	EndGlobalSection
	GlobalSection(SolutionProperties) = preSolution
		HideSolutionNode = FALSE
	EndGlobalSection
	GlobalSection(ExtensibilityGlobals) = postSolution
		SolutionGuid = {A424E4EB-C0E9-48FC-A42C-018DF1DBF608}
	EndGlobalSection
EndGlobal
